
Microsoft Visual Studio Solution File, Format Version 12.00
# Visual Studio Version 17
VisualStudioVersion = 17.13.35825.156
MinimumVisualStudioVersion = 10.0.40219.1
Project("{FAE04EC0-301F-11D3-BF4B-00C04F79EFBC}") = "ConstructEd", "ConstructEd\ConstructEd.csproj", "{42204BF4-E6E5-46C9-B5A2-044B3895CA99}"
EndProject
Project("{FAE04EC0-301F-11D3-BF4B-00C04F79EFBC}") = "ConstructEd.Data", "Context\ConstructEd.Data.csproj", "{4664EA73-7BE8-47D8-9682-1F660BB2224F}"
EndProject
Project("{FAE04EC0-301F-11D3-BF4B-00C04F79EFBC}") = "ConstructEd.Models", "ConstructEd.Model\ConstructEd.Models.csproj", "{993FE232-C186-43A5-B471-C1A581C0359B}"
EndProject
Global
	GlobalSection(SolutionConfigurationPlatforms) = preSolution
		Debug|Any CPU = Debug|Any CPU
		Release|Any CPU = Release|Any CPU
	EndGlobalSection
	GlobalSection(ProjectConfigurationPlatforms) = postSolution
		{42204BF4-E6E5-46C9-B5A2-044B3895CA99}.Debug|Any CPU.ActiveCfg = Debug|Any CPU
		{42204BF4-E6E5-46C9-B5A2-044B3895CA99}.Debug|Any CPU.Build.0 = Debug|Any CPU
		{42204BF4-E6E5-46C9-B5A2-044B3895CA99}.Release|Any CPU.ActiveCfg = Release|Any CPU
		{42204BF4-E6E5-46C9-B5A2-044B3895CA99}.Release|Any CPU.Build.0 = Release|Any CPU
		{4664EA73-7BE8-47D8-9682-1F660BB2224F}.Debug|Any CPU.ActiveCfg = Debug|Any CPU
		{4664EA73-7BE8-47D8-9682-1F660BB2224F}.Debug|Any CPU.Build.0 = Debug|Any CPU
		{4664EA73-7BE8-47D8-9682-1F660BB2224F}.Release|Any CPU.ActiveCfg = Release|Any CPU
		{4664EA73-7BE8-47D8-9682-1F660BB2224F}.Release|Any CPU.Build.0 = Release|Any CPU
		{993FE232-C186-43A5-B471-C1A581C0359B}.Debug|Any CPU.ActiveCfg = Debug|Any CPU
		{993FE232-C186-43A5-B471-C1A581C0359B}.Debug|Any CPU.Build.0 = Debug|Any CPU
		{993FE232-C186-43A5-B471-C1A581C0359B}.Release|Any CPU.ActiveCfg = Release|Any CPU
		{993FE232-C186-43A5-B471-C1A581C0359B}.Release|Any CPU.Build.0 = Release|Any CPU
	EndGlobalSection
	GlobalSection(SolutionProperties) = preSolution
		HideSolutionNode = FALSE
	EndGlobalSection
	GlobalSection(ExtensibilityGlobals) = postSolution
		SolutionGuid = {5285BD58-3715-4582-9838-195F2462B1A2}
	EndGlobalSection
EndGlobal
